// !$*UTF8*$!
{
	archiveVersion = 1;
	classes = {
	};
	objectVersion = 50;
	objects = {

/* Begin PBXBuildFile section */
		06DF7BE9CC87A9A170CA681B /* Pods_MyoPianoTests.framework in Frameworks */ = {isa = PBXBuildFile; fileRef = 1634600AC7AB7F9416681DAB /* Pods_MyoPianoTests.framework */; };
		5112BE0620793EF60014566B /* AppDelegate.swift in Sources */ = {isa = PBXBuildFile; fileRef = 5112BE0520793EF60014566B /* AppDelegate.swift */; };
		5112BE0820793EF60014566B /* ViewController.swift in Sources */ = {isa = PBXBuildFile; fileRef = 5112BE0720793EF60014566B /* ViewController.swift */; };
		5112BE0B20793EF60014566B /* Main.storyboard in Resources */ = {isa = PBXBuildFile; fileRef = 5112BE0920793EF60014566B /* Main.storyboard */; };
		5112BE0E20793EF60014566B /* MyoPiano.xcdatamodeld in Sources */ = {isa = PBXBuildFile; fileRef = 5112BE0C20793EF60014566B /* MyoPiano.xcdatamodeld */; };
		5112BE1020793EF80014566B /* Assets.xcassets in Resources */ = {isa = PBXBuildFile; fileRef = 5112BE0F20793EF80014566B /* Assets.xcassets */; };
		5112BE1320793EF80014566B /* LaunchScreen.storyboard in Resources */ = {isa = PBXBuildFile; fileRef = 5112BE1120793EF80014566B /* LaunchScreen.storyboard */; };
		5112BE1E20793EF80014566B /* MyoPianoTests.swift in Sources */ = {isa = PBXBuildFile; fileRef = 5112BE1D20793EF80014566B /* MyoPianoTests.swift */; };
		5112BE2920793EF80014566B /* MyoPianoUITests.swift in Sources */ = {isa = PBXBuildFile; fileRef = 5112BE2820793EF80014566B /* MyoPianoUITests.swift */; };
		5112BE3B20793F730014566B /* CoreBluetooth.framework in Frameworks */ = {isa = PBXBuildFile; fileRef = 5112BE3A20793F730014566B /* CoreBluetooth.framework */; };
		5112BE3D20793F820014566B /* SystemConfiguration.framework in Frameworks */ = {isa = PBXBuildFile; fileRef = 5112BE3C20793F820014566B /* SystemConfiguration.framework */; };
		5112BE4120793F960014566B /* UIKit.framework in Frameworks */ = {isa = PBXBuildFile; fileRef = 5112BE4020793F960014566B /* UIKit.framework */; };
		5112BE4320793F9D0014566B /* Foundation.framework in Frameworks */ = {isa = PBXBuildFile; fileRef = 5112BE4220793F9D0014566B /* Foundation.framework */; };
		5112BE4520793FFF0014566B /* GLKitPolyfill.m in Sources */ = {isa = PBXBuildFile; fileRef = 5112BE4420793FFF0014566B /* GLKitPolyfill.m */; };
		518FC9D82079D92F00BE4BB5 /* G4.mp3 in Resources */ = {isa = PBXBuildFile; fileRef = 518FC9CB2079D92300BE4BB5 /* G4.mp3 */; };
		518FC9D92079D92F00BE4BB5 /* G3.mp3 in Resources */ = {isa = PBXBuildFile; fileRef = 518FC9CC2079D92400BE4BB5 /* G3.mp3 */; };
		518FC9DA2079D92F00BE4BB5 /* B4.mp3 in Resources */ = {isa = PBXBuildFile; fileRef = 518FC9CD2079D92500BE4BB5 /* B4.mp3 */; };
		518FC9DB2079D92F00BE4BB5 /* C4.mp3 in Resources */ = {isa = PBXBuildFile; fileRef = 518FC9CE2079D92600BE4BB5 /* C4.mp3 */; };
		518FC9DC2079D92F00BE4BB5 /* F4.mp3 in Resources */ = {isa = PBXBuildFile; fileRef = 518FC9CF2079D92700BE4BB5 /* F4.mp3 */; };
		518FC9DD2079D92F00BE4BB5 /* B3.mp3 in Resources */ = {isa = PBXBuildFile; fileRef = 518FC9D02079D92800BE4BB5 /* B3.mp3 */; };
		518FC9DE2079D92F00BE4BB5 /* E4.mp3 in Resources */ = {isa = PBXBuildFile; fileRef = 518FC9D12079D92900BE4BB5 /* E4.mp3 */; };
		518FC9DF2079D92F00BE4BB5 /* F3.mp3 in Resources */ = {isa = PBXBuildFile; fileRef = 518FC9D22079D92A00BE4BB5 /* F3.mp3 */; };
		518FC9E02079D92F00BE4BB5 /* E3.mp3 in Resources */ = {isa = PBXBuildFile; fileRef = 518FC9D32079D92B00BE4BB5 /* E3.mp3 */; };
		518FC9E12079D92F00BE4BB5 /* D4.mp3 in Resources */ = {isa = PBXBuildFile; fileRef = 518FC9D42079D92C00BE4BB5 /* D4.mp3 */; };
		518FC9E22079D92F00BE4BB5 /* A3.mp3 in Resources */ = {isa = PBXBuildFile; fileRef = 518FC9D52079D92D00BE4BB5 /* A3.mp3 */; };
		518FC9E32079D92F00BE4BB5 /* C3.mp3 in Resources */ = {isa = PBXBuildFile; fileRef = 518FC9D62079D92E00BE4BB5 /* C3.mp3 */; };
		518FC9E42079D92F00BE4BB5 /* D3.mp3 in Resources */ = {isa = PBXBuildFile; fileRef = 518FC9D72079D92F00BE4BB5 /* D3.mp3 */; };
		518FC9E62079D94600BE4BB5 /* A4.mp3 in Resources */ = {isa = PBXBuildFile; fileRef = 518FC9E52079D94500BE4BB5 /* A4.mp3 */; };
		518FC9EE207A157800BE4BB5 /* rest.mp3 in Resources */ = {isa = PBXBuildFile; fileRef = 518FC9ED207A157800BE4BB5 /* rest.mp3 */; };
		518FC9F2207A444600BE4BB5 /* pop_mean.txt in Resources */ = {isa = PBXBuildFile; fileRef = 518FC9F1207A444500BE4BB5 /* pop_mean.txt */; };
		518FC9F4207A444E00BE4BB5 /* pop_std.txt in Resources */ = {isa = PBXBuildFile; fileRef = 518FC9F3207A444E00BE4BB5 /* pop_std.txt */; };
		518FC9F6207A44D400BE4BB5 /* inference4.pb in Resources */ = {isa = PBXBuildFile; fileRef = 518FC9F5207A44B900BE4BB5 /* inference4.pb */; };
		518FC9F8207A64BD00BE4BB5 /* pop_mean-2.txt in Resources */ = {isa = PBXBuildFile; fileRef = 518FC9F7207A64BD00BE4BB5 /* pop_mean-2.txt */; };
		518FC9FA207A64C300BE4BB5 /* pop_std-2.txt in Resources */ = {isa = PBXBuildFile; fileRef = 518FC9F9207A64C300BE4BB5 /* pop_std-2.txt */; };
		518FC9FC207A653900BE4BB5 /* inference.pb in Resources */ = {isa = PBXBuildFile; fileRef = 518FC9FB207A652C00BE4BB5 /* inference.pb */; };
		518FC9FE207ACBF500BE4BB5 /* MyoKit.framework in Frameworks */ = {isa = PBXBuildFile; fileRef = 518FC9FD207ACBF500BE4BB5 /* MyoKit.framework */; };
		51F40A4420798B0B00A53F66 /* tensorflow_experimental.framework in Frameworks */ = {isa = PBXBuildFile; fileRef = 51F40A4320798B0B00A53F66 /* tensorflow_experimental.framework */; };
		51F40A4820798C0F00A53F66 /* Model.mm in Sources */ = {isa = PBXBuildFile; fileRef = 51F40A4720798C0F00A53F66 /* Model.mm */; };
		6698EEE1A97332CE8E3AE3FB /* Pods_MyoPiano.framework in Frameworks */ = {isa = PBXBuildFile; fileRef = 7CA5E5F9495409E03CF4B59E /* Pods_MyoPiano.framework */; };
		A481FF377EA6CD8AECA66FDF /* Pods_MyoPianoUITests.framework in Frameworks */ = {isa = PBXBuildFile; fileRef = 8361ABFD37AC5347A3DA75A7 /* Pods_MyoPianoUITests.framework */; };
/* End PBXBuildFile section */

/* Begin PBXContainerItemProxy section */
		5112BE1A20793EF80014566B /* PBXContainerItemProxy */ = {
			isa = PBXContainerItemProxy;
			containerPortal = 5112BDFA20793EF60014566B /* Project object */;
			proxyType = 1;
			remoteGlobalIDString = 5112BE0120793EF60014566B;
			remoteInfo = MyoPiano;
		};
		5112BE2520793EF80014566B /* PBXContainerItemProxy */ = {
			isa = PBXContainerItemProxy;
			containerPortal = 5112BDFA20793EF60014566B /* Project object */;
			proxyType = 1;
			remoteGlobalIDString = 5112BE0120793EF60014566B;
			remoteInfo = MyoPiano;
		};
/* End PBXContainerItemProxy section */

/* Begin PBXFileReference section */
		05FBDC85605F8513A8FFA477 /* Pods-MyoPianoUITests.debug.xcconfig */ = {isa = PBXFileReference; includeInIndex = 1; lastKnownFileType = text.xcconfig; name = "Pods-MyoPianoUITests.debug.xcconfig"; path = "Pods/Target Support Files/Pods-MyoPianoUITests/Pods-MyoPianoUITests.debug.xcconfig"; sourceTree = "<group>"; };
		1634600AC7AB7F9416681DAB /* Pods_MyoPianoTests.framework */ = {isa = PBXFileReference; explicitFileType = wrapper.framework; includeInIndex = 0; path = Pods_MyoPianoTests.framework; sourceTree = BUILT_PRODUCTS_DIR; };
		1DE6612475FE1CAA75D360FB /* Pods-MyoPianoUITests.release.xcconfig */ = {isa = PBXFileReference; includeInIndex = 1; lastKnownFileType = text.xcconfig; name = "Pods-MyoPianoUITests.release.xcconfig"; path = "Pods/Target Support Files/Pods-MyoPianoUITests/Pods-MyoPianoUITests.release.xcconfig"; sourceTree = "<group>"; };
		4DFB0C8CB650BBC3B6B56E59 /* Pods-MyoPianoTests.release.xcconfig */ = {isa = PBXFileReference; includeInIndex = 1; lastKnownFileType = text.xcconfig; name = "Pods-MyoPianoTests.release.xcconfig"; path = "Pods/Target Support Files/Pods-MyoPianoTests/Pods-MyoPianoTests.release.xcconfig"; sourceTree = "<group>"; };
		5112BE0220793EF60014566B /* MyoPiano.app */ = {isa = PBXFileReference; explicitFileType = wrapper.application; includeInIndex = 0; path = MyoPiano.app; sourceTree = BUILT_PRODUCTS_DIR; };
		5112BE0520793EF60014566B /* AppDelegate.swift */ = {isa = PBXFileReference; lastKnownFileType = sourcecode.swift; path = AppDelegate.swift; sourceTree = "<group>"; };
		5112BE0720793EF60014566B /* ViewController.swift */ = {isa = PBXFileReference; lastKnownFileType = sourcecode.swift; path = ViewController.swift; sourceTree = "<group>"; };
		5112BE0A20793EF60014566B /* Base */ = {isa = PBXFileReference; lastKnownFileType = file.storyboard; name = Base; path = Base.lproj/Main.storyboard; sourceTree = "<group>"; };
		5112BE0D20793EF60014566B /* MyoPiano.xcdatamodel */ = {isa = PBXFileReference; lastKnownFileType = wrapper.xcdatamodel; path = MyoPiano.xcdatamodel; sourceTree = "<group>"; };
		5112BE0F20793EF80014566B /* Assets.xcassets */ = {isa = PBXFileReference; lastKnownFileType = folder.assetcatalog; path = Assets.xcassets; sourceTree = "<group>"; };
		5112BE1220793EF80014566B /* Base */ = {isa = PBXFileReference; lastKnownFileType = file.storyboard; name = Base; path = Base.lproj/LaunchScreen.storyboard; sourceTree = "<group>"; };
		5112BE1420793EF80014566B /* Info.plist */ = {isa = PBXFileReference; lastKnownFileType = text.plist.xml; path = Info.plist; sourceTree = "<group>"; };
		5112BE1920793EF80014566B /* MyoPianoTests.xctest */ = {isa = PBXFileReference; explicitFileType = wrapper.cfbundle; includeInIndex = 0; path = MyoPianoTests.xctest; sourceTree = BUILT_PRODUCTS_DIR; };
		5112BE1D20793EF80014566B /* MyoPianoTests.swift */ = {isa = PBXFileReference; lastKnownFileType = sourcecode.swift; path = MyoPianoTests.swift; sourceTree = "<group>"; };
		5112BE1F20793EF80014566B /* Info.plist */ = {isa = PBXFileReference; lastKnownFileType = text.plist.xml; path = Info.plist; sourceTree = "<group>"; };
		5112BE2420793EF80014566B /* MyoPianoUITests.xctest */ = {isa = PBXFileReference; explicitFileType = wrapper.cfbundle; includeInIndex = 0; path = MyoPianoUITests.xctest; sourceTree = BUILT_PRODUCTS_DIR; };
		5112BE2820793EF80014566B /* MyoPianoUITests.swift */ = {isa = PBXFileReference; lastKnownFileType = sourcecode.swift; path = MyoPianoUITests.swift; sourceTree = "<group>"; };
		5112BE2A20793EF80014566B /* Info.plist */ = {isa = PBXFileReference; lastKnownFileType = text.plist.xml; path = Info.plist; sourceTree = "<group>"; };
		5112BE3620793F600014566B /* MyoPiano-Bridging-Header.h */ = {isa = PBXFileReference; lastKnownFileType = sourcecode.c.h; path = "MyoPiano-Bridging-Header.h"; sourceTree = "<group>"; };
		5112BE3A20793F730014566B /* CoreBluetooth.framework */ = {isa = PBXFileReference; lastKnownFileType = wrapper.framework; name = CoreBluetooth.framework; path = System/Library/Frameworks/CoreBluetooth.framework; sourceTree = SDKROOT; };
		5112BE3C20793F820014566B /* SystemConfiguration.framework */ = {isa = PBXFileReference; lastKnownFileType = wrapper.framework; name = SystemConfiguration.framework; path = System/Library/Frameworks/SystemConfiguration.framework; sourceTree = SDKROOT; };
		5112BE4020793F960014566B /* UIKit.framework */ = {isa = PBXFileReference; lastKnownFileType = wrapper.framework; name = UIKit.framework; path = System/Library/Frameworks/UIKit.framework; sourceTree = SDKROOT; };
		5112BE4220793F9D0014566B /* Foundation.framework */ = {isa = PBXFileReference; lastKnownFileType = wrapper.framework; name = Foundation.framework; path = System/Library/Frameworks/Foundation.framework; sourceTree = SDKROOT; };
		5112BE4420793FFF0014566B /* GLKitPolyfill.m */ = {isa = PBXFileReference; lastKnownFileType = sourcecode.c.objc; path = GLKitPolyfill.m; sourceTree = "<group>"; };
		5112BE46207940120014566B /* GLKitPolyfill.h */ = {isa = PBXFileReference; lastKnownFileType = sourcecode.c.h; path = GLKitPolyfill.h; sourceTree = "<group>"; };
		518FC9CB2079D92300BE4BB5 /* G4.mp3 */ = {isa = PBXFileReference; lastKnownFileType = audio.mp3; path = G4.mp3; sourceTree = "<group>"; };
		518FC9CC2079D92400BE4BB5 /* G3.mp3 */ = {isa = PBXFileReference; lastKnownFileType = audio.mp3; path = G3.mp3; sourceTree = "<group>"; };
		518FC9CD2079D92500BE4BB5 /* B4.mp3 */ = {isa = PBXFileReference; lastKnownFileType = audio.mp3; path = B4.mp3; sourceTree = "<group>"; };
		518FC9CE2079D92600BE4BB5 /* C4.mp3 */ = {isa = PBXFileReference; lastKnownFileType = audio.mp3; path = C4.mp3; sourceTree = "<group>"; };
		518FC9CF2079D92700BE4BB5 /* F4.mp3 */ = {isa = PBXFileReference; lastKnownFileType = audio.mp3; path = F4.mp3; sourceTree = "<group>"; };
		518FC9D02079D92800BE4BB5 /* B3.mp3 */ = {isa = PBXFileReference; lastKnownFileType = audio.mp3; path = B3.mp3; sourceTree = "<group>"; };
		518FC9D12079D92900BE4BB5 /* E4.mp3 */ = {isa = PBXFileReference; lastKnownFileType = audio.mp3; path = E4.mp3; sourceTree = "<group>"; };
		518FC9D22079D92A00BE4BB5 /* F3.mp3 */ = {isa = PBXFileReference; lastKnownFileType = audio.mp3; path = F3.mp3; sourceTree = "<group>"; };
		518FC9D32079D92B00BE4BB5 /* E3.mp3 */ = {isa = PBXFileReference; lastKnownFileType = audio.mp3; path = E3.mp3; sourceTree = "<group>"; };
		518FC9D42079D92C00BE4BB5 /* D4.mp3 */ = {isa = PBXFileReference; lastKnownFileType = audio.mp3; path = D4.mp3; sourceTree = "<group>"; };
		518FC9D52079D92D00BE4BB5 /* A3.mp3 */ = {isa = PBXFileReference; lastKnownFileType = audio.mp3; path = A3.mp3; sourceTree = "<group>"; };
		518FC9D62079D92E00BE4BB5 /* C3.mp3 */ = {isa = PBXFileReference; lastKnownFileType = audio.mp3; path = C3.mp3; sourceTree = "<group>"; };
		518FC9D72079D92F00BE4BB5 /* D3.mp3 */ = {isa = PBXFileReference; lastKnownFileType = audio.mp3; path = D3.mp3; sourceTree = "<group>"; };
		518FC9E52079D94500BE4BB5 /* A4.mp3 */ = {isa = PBXFileReference; lastKnownFileType = audio.mp3; path = A4.mp3; sourceTree = "<group>"; };
		518FC9ED207A157800BE4BB5 /* rest.mp3 */ = {isa = PBXFileReference; lastKnownFileType = audio.mp3; name = rest.mp3; path = MyoPiano/audio/rest.mp3; sourceTree = SOURCE_ROOT; };
		518FC9F1207A444500BE4BB5 /* pop_mean.txt */ = {isa = PBXFileReference; fileEncoding = 4; lastKnownFileType = text; path = pop_mean.txt; sourceTree = "<group>"; };
		518FC9F3207A444E00BE4BB5 /* pop_std.txt */ = {isa = PBXFileReference; fileEncoding = 4; lastKnownFileType = text; path = pop_std.txt; sourceTree = "<group>"; };
		518FC9F5207A44B900BE4BB5 /* inference4.pb */ = {isa = PBXFileReference; lastKnownFileType = file; path = inference4.pb; sourceTree = "<group>"; };
		518FC9F7207A64BD00BE4BB5 /* pop_mean-2.txt */ = {isa = PBXFileReference; fileEncoding = 4; lastKnownFileType = text; path = "pop_mean-2.txt"; sourceTree = "<group>"; };
		518FC9F9207A64C300BE4BB5 /* pop_std-2.txt */ = {isa = PBXFileReference; fileEncoding = 4; lastKnownFileType = text; path = "pop_std-2.txt"; sourceTree = "<group>"; };
		518FC9FB207A652C00BE4BB5 /* inference.pb */ = {isa = PBXFileReference; lastKnownFileType = file; path = inference.pb; sourceTree = "<group>"; };
		518FC9FD207ACBF500BE4BB5 /* MyoKit.framework */ = {isa = PBXFileReference; lastKnownFileType = wrapper.framework; path = MyoKit.framework; sourceTree = "<group>"; };
		51F40A4320798B0B00A53F66 /* tensorflow_experimental.framework */ = {isa = PBXFileReference; lastKnownFileType = wrapper.framework; name = tensorflow_experimental.framework; path = "Pods/TensorFlow-experimental/Frameworks/tensorflow_experimental.framework"; sourceTree = "<group>"; };
		51F40A4720798C0F00A53F66 /* Model.mm */ = {isa = PBXFileReference; explicitFileType = sourcecode.cpp.objcpp; fileEncoding = 4; path = Model.mm; sourceTree = "<group>"; };
		51F40A4920798E5100A53F66 /* Model.h */ = {isa = PBXFileReference; explicitFileType = sourcecode.c.h; path = Model.h; sourceTree = "<group>"; };
		5D0A0F84D36D84A74F59CB1D /* Pods-MyoPianoTests.debug.xcconfig */ = {isa = PBXFileReference; includeInIndex = 1; lastKnownFileType = text.xcconfig; name = "Pods-MyoPianoTests.debug.xcconfig"; path = "Pods/Target Support Files/Pods-MyoPianoTests/Pods-MyoPianoTests.debug.xcconfig"; sourceTree = "<group>"; };
		5EE65B6AD9A413B4D8103D7E /* Pods-MyoPiano.debug.xcconfig */ = {isa = PBXFileReference; includeInIndex = 1; lastKnownFileType = text.xcconfig; name = "Pods-MyoPiano.debug.xcconfig"; path = "Pods/Target Support Files/Pods-MyoPiano/Pods-MyoPiano.debug.xcconfig"; sourceTree = "<group>"; };
		7CA5E5F9495409E03CF4B59E /* Pods_MyoPiano.framework */ = {isa = PBXFileReference; explicitFileType = wrapper.framework; includeInIndex = 0; path = Pods_MyoPiano.framework; sourceTree = BUILT_PRODUCTS_DIR; };
		8361ABFD37AC5347A3DA75A7 /* Pods_MyoPianoUITests.framework */ = {isa = PBXFileReference; explicitFileType = wrapper.framework; includeInIndex = 0; path = Pods_MyoPianoUITests.framework; sourceTree = BUILT_PRODUCTS_DIR; };
		FE0C905E6E8B119B5ECD4E45 /* Pods-MyoPiano.release.xcconfig */ = {isa = PBXFileReference; includeInIndex = 1; lastKnownFileType = text.xcconfig; name = "Pods-MyoPiano.release.xcconfig"; path = "Pods/Target Support Files/Pods-MyoPiano/Pods-MyoPiano.release.xcconfig"; sourceTree = "<group>"; };
/* End PBXFileReference section */

/* Begin PBXFrameworksBuildPhase section */
		5112BDFF20793EF60014566B /* Frameworks */ = {
			isa = PBXFrameworksBuildPhase;
			buildActionMask = 2147483647;
			files = (
				518FC9FE207ACBF500BE4BB5 /* MyoKit.framework in Frameworks */,
				51F40A4420798B0B00A53F66 /* tensorflow_experimental.framework in Frameworks */,
				5112BE4320793F9D0014566B /* Foundation.framework in Frameworks */,
				5112BE4120793F960014566B /* UIKit.framework in Frameworks */,
				5112BE3D20793F820014566B /* SystemConfiguration.framework in Frameworks */,
				5112BE3B20793F730014566B /* CoreBluetooth.framework in Frameworks */,
				6698EEE1A97332CE8E3AE3FB /* Pods_MyoPiano.framework in Frameworks */,
			);
			runOnlyForDeploymentPostprocessing = 0;
		};
		5112BE1620793EF80014566B /* Frameworks */ = {
			isa = PBXFrameworksBuildPhase;
			buildActionMask = 2147483647;
			files = (
				06DF7BE9CC87A9A170CA681B /* Pods_MyoPianoTests.framework in Frameworks */,
			);
			runOnlyForDeploymentPostprocessing = 0;
		};
		5112BE2120793EF80014566B /* Frameworks */ = {
			isa = PBXFrameworksBuildPhase;
			buildActionMask = 2147483647;
			files = (
				A481FF377EA6CD8AECA66FDF /* Pods_MyoPianoUITests.framework in Frameworks */,
			);
			runOnlyForDeploymentPostprocessing = 0;
		};
/* End PBXFrameworksBuildPhase section */

/* Begin PBXGroup section */
		5112BDF920793EF60014566B = {
			isa = PBXGroup;
			children = (
				5112BE0420793EF60014566B /* MyoPiano */,
				5112BE1C20793EF80014566B /* MyoPianoTests */,
				5112BE2720793EF80014566B /* MyoPianoUITests */,
				5112BE0320793EF60014566B /* Products */,
				5112BE3920793F720014566B /* Frameworks */,
				CB26438ED9DD577004AC86E8 /* Pods */,
			);
			sourceTree = "<group>";
		};
		5112BE0320793EF60014566B /* Products */ = {
			isa = PBXGroup;
			children = (
				5112BE0220793EF60014566B /* MyoPiano.app */,
				5112BE1920793EF80014566B /* MyoPianoTests.xctest */,
				5112BE2420793EF80014566B /* MyoPianoUITests.xctest */,
			);
			name = Products;
			sourceTree = "<group>";
		};
		5112BE0420793EF60014566B /* MyoPiano */ = {
			isa = PBXGroup;
			children = (
				518FC9F1207A444500BE4BB5 /* pop_mean.txt */,
				518FC9F3207A444E00BE4BB5 /* pop_std.txt */,
				518FC9F7207A64BD00BE4BB5 /* pop_mean-2.txt */,
				518FC9F9207A64C300BE4BB5 /* pop_std-2.txt */,
				5112BE4920796BD10014566B /* audio */,
				5112BE0520793EF60014566B /* AppDelegate.swift */,
				5112BE0720793EF60014566B /* ViewController.swift */,
				5112BE0920793EF60014566B /* Main.storyboard */,
				5112BE0F20793EF80014566B /* Assets.xcassets */,
				5112BE1120793EF80014566B /* LaunchScreen.storyboard */,
				5112BE1420793EF80014566B /* Info.plist */,
				5112BE0C20793EF60014566B /* MyoPiano.xcdatamodeld */,
				5112BE3620793F600014566B /* MyoPiano-Bridging-Header.h */,
				5112BE4420793FFF0014566B /* GLKitPolyfill.m */,
				5112BE46207940120014566B /* GLKitPolyfill.h */,
				51F40A4920798E5100A53F66 /* Model.h */,
				51F40A4720798C0F00A53F66 /* Model.mm */,
				518FC9FB207A652C00BE4BB5 /* inference.pb */,
				518FC9F5207A44B900BE4BB5 /* inference4.pb */,
			);
			path = MyoPiano;
			sourceTree = "<group>";
		};
		5112BE1C20793EF80014566B /* MyoPianoTests */ = {
			isa = PBXGroup;
			children = (
				5112BE1D20793EF80014566B /* MyoPianoTests.swift */,
				5112BE1F20793EF80014566B /* Info.plist */,
			);
			path = MyoPianoTests;
			sourceTree = "<group>";
		};
		5112BE2720793EF80014566B /* MyoPianoUITests */ = {
			isa = PBXGroup;
			children = (
				5112BE2820793EF80014566B /* MyoPianoUITests.swift */,
				5112BE2A20793EF80014566B /* Info.plist */,
			);
			path = MyoPianoUITests;
			sourceTree = "<group>";
		};
		5112BE3920793F720014566B /* Frameworks */ = {
			isa = PBXGroup;
			children = (
				518FC9FD207ACBF500BE4BB5 /* MyoKit.framework */,
				51F40A4320798B0B00A53F66 /* tensorflow_experimental.framework */,
				5112BE4220793F9D0014566B /* Foundation.framework */,
				5112BE4020793F960014566B /* UIKit.framework */,
				5112BE3C20793F820014566B /* SystemConfiguration.framework */,
				5112BE3A20793F730014566B /* CoreBluetooth.framework */,
				7CA5E5F9495409E03CF4B59E /* Pods_MyoPiano.framework */,
				1634600AC7AB7F9416681DAB /* Pods_MyoPianoTests.framework */,
				8361ABFD37AC5347A3DA75A7 /* Pods_MyoPianoUITests.framework */,
			);
			name = Frameworks;
			sourceTree = "<group>";
		};
		5112BE4920796BD10014566B /* audio */ = {
			isa = PBXGroup;
			children = (
				518FC9ED207A157800BE4BB5 /* rest.mp3 */,
				518FC9E52079D94500BE4BB5 /* A4.mp3 */,
				518FC9D52079D92D00BE4BB5 /* A3.mp3 */,
				518FC9D02079D92800BE4BB5 /* B3.mp3 */,
				518FC9CD2079D92500BE4BB5 /* B4.mp3 */,
				518FC9D62079D92E00BE4BB5 /* C3.mp3 */,
				518FC9CE2079D92600BE4BB5 /* C4.mp3 */,
				518FC9D72079D92F00BE4BB5 /* D3.mp3 */,
				518FC9D42079D92C00BE4BB5 /* D4.mp3 */,
				518FC9D32079D92B00BE4BB5 /* E3.mp3 */,
				518FC9D12079D92900BE4BB5 /* E4.mp3 */,
				518FC9D22079D92A00BE4BB5 /* F3.mp3 */,
				518FC9CF2079D92700BE4BB5 /* F4.mp3 */,
				518FC9CC2079D92400BE4BB5 /* G3.mp3 */,
				518FC9CB2079D92300BE4BB5 /* G4.mp3 */,
			);
			name = audio;
			path = "New Group";
			sourceTree = "<group>";
		};
		CB26438ED9DD577004AC86E8 /* Pods */ = {
			isa = PBXGroup;
			children = (
				5EE65B6AD9A413B4D8103D7E /* Pods-MyoPiano.debug.xcconfig */,
				FE0C905E6E8B119B5ECD4E45 /* Pods-MyoPiano.release.xcconfig */,
				5D0A0F84D36D84A74F59CB1D /* Pods-MyoPianoTests.debug.xcconfig */,
				4DFB0C8CB650BBC3B6B56E59 /* Pods-MyoPianoTests.release.xcconfig */,
				05FBDC85605F8513A8FFA477 /* Pods-MyoPianoUITests.debug.xcconfig */,
				1DE6612475FE1CAA75D360FB /* Pods-MyoPianoUITests.release.xcconfig */,
			);
			name = Pods;
			sourceTree = "<group>";
		};
/* End PBXGroup section */

/* Begin PBXNativeTarget section */
		5112BE0120793EF60014566B /* MyoPiano */ = {
			isa = PBXNativeTarget;
			buildConfigurationList = 5112BE2D20793EF80014566B /* Build configuration list for PBXNativeTarget "MyoPiano" */;
			buildPhases = (
				0124E6AE382C78E3A6E815C0 /* [CP] Check Pods Manifest.lock */,
				5112BDFE20793EF60014566B /* Sources */,
				5112BDFF20793EF60014566B /* Frameworks */,
				5112BE0020793EF60014566B /* Resources */,
			);
			buildRules = (
			);
			dependencies = (
			);
			name = MyoPiano;
			productName = MyoPiano;
			productReference = 5112BE0220793EF60014566B /* MyoPiano.app */;
			productType = "com.apple.product-type.application";
		};
		5112BE1820793EF80014566B /* MyoPianoTests */ = {
			isa = PBXNativeTarget;
			buildConfigurationList = 5112BE3020793EF80014566B /* Build configuration list for PBXNativeTarget "MyoPianoTests" */;
			buildPhases = (
				13DCA5400E51F7F67D49FAF3 /* [CP] Check Pods Manifest.lock */,
				5112BE1520793EF80014566B /* Sources */,
				5112BE1620793EF80014566B /* Frameworks */,
				5112BE1720793EF80014566B /* Resources */,
			);
			buildRules = (
			);
			dependencies = (
				5112BE1B20793EF80014566B /* PBXTargetDependency */,
			);
			name = MyoPianoTests;
			productName = MyoPianoTests;
			productReference = 5112BE1920793EF80014566B /* MyoPianoTests.xctest */;
			productType = "com.apple.product-type.bundle.unit-test";
		};
		5112BE2320793EF80014566B /* MyoPianoUITests */ = {
			isa = PBXNativeTarget;
			buildConfigurationList = 5112BE3320793EF80014566B /* Build configuration list for PBXNativeTarget "MyoPianoUITests" */;
			buildPhases = (
				8871AEC7383413143C98CC3D /* [CP] Check Pods Manifest.lock */,
				5112BE2020793EF80014566B /* Sources */,
				5112BE2120793EF80014566B /* Frameworks */,
				5112BE2220793EF80014566B /* Resources */,
			);
			buildRules = (
			);
			dependencies = (
				5112BE2620793EF80014566B /* PBXTargetDependency */,
			);
			name = MyoPianoUITests;
			productName = MyoPianoUITests;
			productReference = 5112BE2420793EF80014566B /* MyoPianoUITests.xctest */;
			productType = "com.apple.product-type.bundle.ui-testing";
		};
/* End PBXNativeTarget section */

/* Begin PBXProject section */
		5112BDFA20793EF60014566B /* Project object */ = {
			isa = PBXProject;
			attributes = {
				LastSwiftUpdateCheck = 0930;
				LastUpgradeCheck = 0930;
				ORGANIZATIONNAME = "Pranay Neelagiri";
				TargetAttributes = {
					5112BE0120793EF60014566B = {
						CreatedOnToolsVersion = 9.3;
						LastSwiftMigration = 0930;
					};
					5112BE1820793EF80014566B = {
						CreatedOnToolsVersion = 9.3;
						TestTargetID = 5112BE0120793EF60014566B;
					};
					5112BE2320793EF80014566B = {
						CreatedOnToolsVersion = 9.3;
						TestTargetID = 5112BE0120793EF60014566B;
					};
				};
			};
			buildConfigurationList = 5112BDFD20793EF60014566B /* Build configuration list for PBXProject "MyoPiano" */;
			compatibilityVersion = "Xcode 9.3";
			developmentRegion = en;
			hasScannedForEncodings = 0;
			knownRegions = (
				en,
				Base,
			);
			mainGroup = 5112BDF920793EF60014566B;
			productRefGroup = 5112BE0320793EF60014566B /* Products */;
			projectDirPath = "";
			projectRoot = "";
			targets = (
				5112BE0120793EF60014566B /* MyoPiano */,
				5112BE1820793EF80014566B /* MyoPianoTests */,
				5112BE2320793EF80014566B /* MyoPianoUITests */,
			);
		};
/* End PBXProject section */

/* Begin PBXResourcesBuildPhase section */
		5112BE0020793EF60014566B /* Resources */ = {
			isa = PBXResourcesBuildPhase;
			buildActionMask = 2147483647;
			files = (
				518FC9FC207A653900BE4BB5 /* inference.pb in Resources */,
				518FC9F8207A64BD00BE4BB5 /* pop_mean-2.txt in Resources */,
				518FC9F6207A44D400BE4BB5 /* inference4.pb in Resources */,
				518FC9EE207A157800BE4BB5 /* rest.mp3 in Resources */,
				518FC9E22079D92F00BE4BB5 /* A3.mp3 in Resources */,
				518FC9E42079D92F00BE4BB5 /* D3.mp3 in Resources */,
				518FC9E02079D92F00BE4BB5 /* E3.mp3 in Resources */,
				518FC9D92079D92F00BE4BB5 /* G3.mp3 in Resources */,
				518FC9E12079D92F00BE4BB5 /* D4.mp3 in Resources */,
				518FC9D82079D92F00BE4BB5 /* G4.mp3 in Resources */,
				518FC9DB2079D92F00BE4BB5 /* C4.mp3 in Resources */,
				518FC9DC2079D92F00BE4BB5 /* F4.mp3 in Resources */,
				518FC9DF2079D92F00BE4BB5 /* F3.mp3 in Resources */,
				518FC9DD2079D92F00BE4BB5 /* B3.mp3 in Resources */,
				518FC9E62079D94600BE4BB5 /* A4.mp3 in Resources */,
				518FC9E32079D92F00BE4BB5 /* C3.mp3 in Resources */,
				518FC9F4207A444E00BE4BB5 /* pop_std.txt in Resources */,
				5112BE1320793EF80014566B /* LaunchScreen.storyboard in Resources */,
				518FC9F2207A444600BE4BB5 /* pop_mean.txt in Resources */,
				518FC9DA2079D92F00BE4BB5 /* B4.mp3 in Resources */,
				518FC9DE2079D92F00BE4BB5 /* E4.mp3 in Resources */,
				5112BE1020793EF80014566B /* Assets.xcassets in Resources */,
				5112BE0B20793EF60014566B /* Main.storyboard in Resources */,
				518FC9FA207A64C300BE4BB5 /* pop_std-2.txt in Resources */,
			);
			runOnlyForDeploymentPostprocessing = 0;
		};
		5112BE1720793EF80014566B /* Resources */ = {
			isa = PBXResourcesBuildPhase;
			buildActionMask = 2147483647;
			files = (
			);
			runOnlyForDeploymentPostprocessing = 0;
		};
		5112BE2220793EF80014566B /* Resources */ = {
			isa = PBXResourcesBuildPhase;
			buildActionMask = 2147483647;
			files = (
			);
			runOnlyForDeploymentPostprocessing = 0;
		};
/* End PBXResourcesBuildPhase section */

/* Begin PBXShellScriptBuildPhase section */
		0124E6AE382C78E3A6E815C0 /* [CP] Check Pods Manifest.lock */ = {
			isa = PBXShellScriptBuildPhase;
			buildActionMask = 2147483647;
			files = (
			);
			inputPaths = (
				"${PODS_PODFILE_DIR_PATH}/Podfile.lock",
				"${PODS_ROOT}/Manifest.lock",
			);
			name = "[CP] Check Pods Manifest.lock";
			outputPaths = (
				"$(DERIVED_FILE_DIR)/Pods-MyoPiano-checkManifestLockResult.txt",
			);
			runOnlyForDeploymentPostprocessing = 0;
			shellPath = /bin/sh;
			shellScript = "diff \"${PODS_PODFILE_DIR_PATH}/Podfile.lock\" \"${PODS_ROOT}/Manifest.lock\" > /dev/null\nif [ $? != 0 ] ; then\n    # print error to STDERR\n    echo \"error: The sandbox is not in sync with the Podfile.lock. Run 'pod install' or update your CocoaPods installation.\" >&2\n    exit 1\nfi\n# This output is used by Xcode 'outputs' to avoid re-running this script phase.\necho \"SUCCESS\" > \"${SCRIPT_OUTPUT_FILE_0}\"\n";
			showEnvVarsInLog = 0;
		};
		13DCA5400E51F7F67D49FAF3 /* [CP] Check Pods Manifest.lock */ = {
			isa = PBXShellScriptBuildPhase;
			buildActionMask = 2147483647;
			files = (
			);
			inputPaths = (
				"${PODS_PODFILE_DIR_PATH}/Podfile.lock",
				"${PODS_ROOT}/Manifest.lock",
			);
			name = "[CP] Check Pods Manifest.lock";
			outputPaths = (
				"$(DERIVED_FILE_DIR)/Pods-MyoPianoTests-checkManifestLockResult.txt",
			);
			runOnlyForDeploymentPostprocessing = 0;
			shellPath = /bin/sh;
			shellScript = "diff \"${PODS_PODFILE_DIR_PATH}/Podfile.lock\" \"${PODS_ROOT}/Manifest.lock\" > /dev/null\nif [ $? != 0 ] ; then\n    # print error to STDERR\n    echo \"error: The sandbox is not in sync with the Podfile.lock. Run 'pod install' or update your CocoaPods installation.\" >&2\n    exit 1\nfi\n# This output is used by Xcode 'outputs' to avoid re-running this script phase.\necho \"SUCCESS\" > \"${SCRIPT_OUTPUT_FILE_0}\"\n";
			showEnvVarsInLog = 0;
		};
		8871AEC7383413143C98CC3D /* [CP] Check Pods Manifest.lock */ = {
			isa = PBXShellScriptBuildPhase;
			buildActionMask = 2147483647;
			files = (
			);
			inputPaths = (
				"${PODS_PODFILE_DIR_PATH}/Podfile.lock",
				"${PODS_ROOT}/Manifest.lock",
			);
			name = "[CP] Check Pods Manifest.lock";
			outputPaths = (
				"$(DERIVED_FILE_DIR)/Pods-MyoPianoUITests-checkManifestLockResult.txt",
			);
			runOnlyForDeploymentPostprocessing = 0;
			shellPath = /bin/sh;
			shellScript = "diff \"${PODS_PODFILE_DIR_PATH}/Podfile.lock\" \"${PODS_ROOT}/Manifest.lock\" > /dev/null\nif [ $? != 0 ] ; then\n    # print error to STDERR\n    echo \"error: The sandbox is not in sync with the Podfile.lock. Run 'pod install' or update your CocoaPods installation.\" >&2\n    exit 1\nfi\n# This output is used by Xcode 'outputs' to avoid re-running this script phase.\necho \"SUCCESS\" > \"${SCRIPT_OUTPUT_FILE_0}\"\n";
			showEnvVarsInLog = 0;
		};
/* End PBXShellScriptBuildPhase section */

/* Begin PBXSourcesBuildPhase section */
		5112BDFE20793EF60014566B /* Sources */ = {
			isa = PBXSourcesBuildPhase;
			buildActionMask = 2147483647;
			files = (
				5112BE4520793FFF0014566B /* GLKitPolyfill.m in Sources */,
				5112BE0E20793EF60014566B /* MyoPiano.xcdatamodeld in Sources */,
				5112BE0820793EF60014566B /* ViewController.swift in Sources */,
				5112BE0620793EF60014566B /* AppDelegate.swift in Sources */,
				51F40A4820798C0F00A53F66 /* Model.mm in Sources */,
			);
			runOnlyForDeploymentPostprocessing = 0;
		};
		5112BE1520793EF80014566B /* Sources */ = {
			isa = PBXSourcesBuildPhase;
			buildActionMask = 2147483647;
			files = (
				5112BE1E20793EF80014566B /* MyoPianoTests.swift in Sources */,
			);
			runOnlyForDeploymentPostprocessing = 0;
		};
		5112BE2020793EF80014566B /* Sources */ = {
			isa = PBXSourcesBuildPhase;
			buildActionMask = 2147483647;
			files = (
				5112BE2920793EF80014566B /* MyoPianoUITests.swift in Sources */,
			);
			runOnlyForDeploymentPostprocessing = 0;
		};
/* End PBXSourcesBuildPhase section */

/* Begin PBXTargetDependency section */
		5112BE1B20793EF80014566B /* PBXTargetDependency */ = {
			isa = PBXTargetDependency;
			target = 5112BE0120793EF60014566B /* MyoPiano */;
			targetProxy = 5112BE1A20793EF80014566B /* PBXContainerItemProxy */;
		};
		5112BE2620793EF80014566B /* PBXTargetDependency */ = {
			isa = PBXTargetDependency;
			target = 5112BE0120793EF60014566B /* MyoPiano */;
			targetProxy = 5112BE2520793EF80014566B /* PBXContainerItemProxy */;
		};
/* End PBXTargetDependency section */

/* Begin PBXVariantGroup section */
		5112BE0920793EF60014566B /* Main.storyboard */ = {
			isa = PBXVariantGroup;
			children = (
				5112BE0A20793EF60014566B /* Base */,
			);
			name = Main.storyboard;
			sourceTree = "<group>";
		};
		5112BE1120793EF80014566B /* LaunchScreen.storyboard */ = {
			isa = PBXVariantGroup;
			children = (
				5112BE1220793EF80014566B /* Base */,
			);
			name = LaunchScreen.storyboard;
			sourceTree = "<group>";
		};
/* End PBXVariantGroup section */

/* Begin XCBuildConfiguration section */
		5112BE2B20793EF80014566B /* Debug */ = {
			isa = XCBuildConfiguration;
			buildSettings = {
				ALWAYS_SEARCH_USER_PATHS = NO;
				CLANG_ANALYZER_NONNULL = YES;
				CLANG_ANALYZER_NUMBER_OBJECT_CONVERSION = YES_AGGRESSIVE;
				CLANG_CXX_LANGUAGE_STANDARD = "gnu++14";
				CLANG_CXX_LIBRARY = "libc++";
				CLANG_ENABLE_MODULES = YES;
				CLANG_ENABLE_OBJC_ARC = YES;
				CLANG_ENABLE_OBJC_WEAK = YES;
				CLANG_WARN_BLOCK_CAPTURE_AUTORELEASING = YES;
				CLANG_WARN_BOOL_CONVERSION = YES;
				CLANG_WARN_COMMA = YES;
				CLANG_WARN_CONSTANT_CONVERSION = YES;
				CLANG_WARN_DEPRECATED_OBJC_IMPLEMENTATIONS = YES;
				CLANG_WARN_DIRECT_OBJC_ISA_USAGE = YES_ERROR;
				CLANG_WARN_DOCUMENTATION_COMMENTS = YES;
				CLANG_WARN_EMPTY_BODY = YES;
				CLANG_WARN_ENUM_CONVERSION = YES;
				CLANG_WARN_INFINITE_RECURSION = YES;
				CLANG_WARN_INT_CONVERSION = YES;
				CLANG_WARN_NON_LITERAL_NULL_CONVERSION = YES;
				CLANG_WARN_OBJC_IMPLICIT_RETAIN_SELF = YES;
				CLANG_WARN_OBJC_LITERAL_CONVERSION = YES;
				CLANG_WARN_OBJC_ROOT_CLASS = YES_ERROR;
				CLANG_WARN_RANGE_LOOP_ANALYSIS = YES;
				CLANG_WARN_STRICT_PROTOTYPES = YES;
				CLANG_WARN_SUSPICIOUS_MOVE = YES;
				CLANG_WARN_UNGUARDED_AVAILABILITY = YES_AGGRESSIVE;
				CLANG_WARN_UNREACHABLE_CODE = YES;
				CLANG_WARN__DUPLICATE_METHOD_MATCH = YES;
				CODE_SIGN_IDENTITY = "iPhone Developer";
				COPY_PHASE_STRIP = NO;
				DEBUG_INFORMATION_FORMAT = dwarf;
				ENABLE_STRICT_OBJC_MSGSEND = YES;
				ENABLE_TESTABILITY = YES;
				GCC_C_LANGUAGE_STANDARD = gnu11;
				GCC_DYNAMIC_NO_PIC = NO;
				GCC_NO_COMMON_BLOCKS = YES;
				GCC_OPTIMIZATION_LEVEL = 0;
				GCC_PREPROCESSOR_DEFINITIONS = (
					"DEBUG=1",
					"$(inherited)",
				);
				GCC_WARN_64_TO_32_BIT_CONVERSION = YES;
				GCC_WARN_ABOUT_RETURN_TYPE = YES_ERROR;
				GCC_WARN_UNDECLARED_SELECTOR = YES;
				GCC_WARN_UNINITIALIZED_AUTOS = YES_AGGRESSIVE;
				GCC_WARN_UNUSED_FUNCTION = YES;
				GCC_WARN_UNUSED_VARIABLE = YES;
				IPHONEOS_DEPLOYMENT_TARGET = 11.3;
				MTL_ENABLE_DEBUG_INFO = YES;
				ONLY_ACTIVE_ARCH = YES;
				SDKROOT = iphoneos;
				SWIFT_ACTIVE_COMPILATION_CONDITIONS = DEBUG;
				SWIFT_OPTIMIZATION_LEVEL = "-Onone";
			};
			name = Debug;
		};
		5112BE2C20793EF80014566B /* Release */ = {
			isa = XCBuildConfiguration;
			buildSettings = {
				ALWAYS_SEARCH_USER_PATHS = NO;
				CLANG_ANALYZER_NONNULL = YES;
				CLANG_ANALYZER_NUMBER_OBJECT_CONVERSION = YES_AGGRESSIVE;
				CLANG_CXX_LANGUAGE_STANDARD = "gnu++14";
				CLANG_CXX_LIBRARY = "libc++";
				CLANG_ENABLE_MODULES = YES;
				CLANG_ENABLE_OBJC_ARC = YES;
				CLANG_ENABLE_OBJC_WEAK = YES;
				CLANG_WARN_BLOCK_CAPTURE_AUTORELEASING = YES;
				CLANG_WARN_BOOL_CONVERSION = YES;
				CLANG_WARN_COMMA = YES;
				CLANG_WARN_CONSTANT_CONVERSION = YES;
				CLANG_WARN_DEPRECATED_OBJC_IMPLEMENTATIONS = YES;
				CLANG_WARN_DIRECT_OBJC_ISA_USAGE = YES_ERROR;
				CLANG_WARN_DOCUMENTATION_COMMENTS = YES;
				CLANG_WARN_EMPTY_BODY = YES;
				CLANG_WARN_ENUM_CONVERSION = YES;
				CLANG_WARN_INFINITE_RECURSION = YES;
				CLANG_WARN_INT_CONVERSION = YES;
				CLANG_WARN_NON_LITERAL_NULL_CONVERSION = YES;
				CLANG_WARN_OBJC_IMPLICIT_RETAIN_SELF = YES;
				CLANG_WARN_OBJC_LITERAL_CONVERSION = YES;
				CLANG_WARN_OBJC_ROOT_CLASS = YES_ERROR;
				CLANG_WARN_RANGE_LOOP_ANALYSIS = YES;
				CLANG_WARN_STRICT_PROTOTYPES = YES;
				CLANG_WARN_SUSPICIOUS_MOVE = YES;
				CLANG_WARN_UNGUARDED_AVAILABILITY = YES_AGGRESSIVE;
				CLANG_WARN_UNREACHABLE_CODE = YES;
				CLANG_WARN__DUPLICATE_METHOD_MATCH = YES;
				CODE_SIGN_IDENTITY = "iPhone Developer";
				COPY_PHASE_STRIP = NO;
				DEBUG_INFORMATION_FORMAT = "dwarf-with-dsym";
				ENABLE_NS_ASSERTIONS = NO;
				ENABLE_STRICT_OBJC_MSGSEND = YES;
				GCC_C_LANGUAGE_STANDARD = gnu11;
				GCC_NO_COMMON_BLOCKS = YES;
				GCC_WARN_64_TO_32_BIT_CONVERSION = YES;
				GCC_WARN_ABOUT_RETURN_TYPE = YES_ERROR;
				GCC_WARN_UNDECLARED_SELECTOR = YES;
				GCC_WARN_UNINITIALIZED_AUTOS = YES_AGGRESSIVE;
				GCC_WARN_UNUSED_FUNCTION = YES;
				GCC_WARN_UNUSED_VARIABLE = YES;
				IPHONEOS_DEPLOYMENT_TARGET = 11.3;
				MTL_ENABLE_DEBUG_INFO = NO;
				SDKROOT = iphoneos;
				SWIFT_COMPILATION_MODE = wholemodule;
				SWIFT_OPTIMIZATION_LEVEL = "-O";
				VALIDATE_PRODUCT = YES;
			};
			name = Release;
		};
		5112BE2E20793EF80014566B /* Debug */ = {
			isa = XCBuildConfiguration;
			baseConfigurationReference = 5EE65B6AD9A413B4D8103D7E /* Pods-MyoPiano.debug.xcconfig */;
			buildSettings = {
				ASSETCATALOG_COMPILER_APPICON_NAME = AppIcon;
				CLANG_ENABLE_MODULES = YES;
				CODE_SIGN_STYLE = Automatic;
				DEVELOPMENT_TEAM = B9QTN8GJXZ;
				ENABLE_BITCODE = NO;
				FRAMEWORK_SEARCH_PATHS = (
					"$(inherited)",
					"$(PROJECT_DIR)",
					"$(PROJECT_DIR)/Pods/TensorFlow-experimental/Frameworks",
				);
				HEADER_SEARCH_PATHS = (
					"$(inherited)",
					"'${SRCROOT}/Pods/TensorFlow-experimental/Frameworks/tensorflow_experimental.framework/Headers'",
					"'${SRCROOT}/Pods/TensorFlow-experimental/Frameworks/tensorflow_experimental.framework/Headers/third_party/eigen3'",
					"~/tensorflow/tensorflow/contrib/makefile/downloads",
					"~/tensorflow",
					"~/tensorflow/tensorflow/contrib/makefile/downloads/eigen",
					"~/tensorflow/tensorflow/contrib/makefile/downloads/protobuf/src",
					"~/tensorflow/tensorflow/contrib/makefile/gen/proto",
				);
				INFOPLIST_FILE = MyoPiano/Info.plist;
				LD_RUNPATH_SEARCH_PATHS = (
					"$(inherited)",
					"@executable_path/Frameworks",
				);
				OTHER_LDFLAGS = (
					"$(inherited)",
					"-L",
					"${SRCROOT}/Pods/TensorFlow-experimental/Frameworks/tensorflow_experimental.framework",
					"-ObjC",
					"-l\"c++\"",
					"-l\"protobuf_experimental\"",
					"-framework",
					"\"Accelerate\"",
					"-framework",
					"\"tensorflow_experimental\"",
					"-force_load",
					"${SRCROOT}/Pods/TensorFlow-experimental/Frameworks/tensorflow_experimental.framework/tensorflow_experimental",
					"-lc++",
				);
				PRODUCT_BUNDLE_IDENTIFIER = PN.MyoPiano;
				PRODUCT_NAME = "$(TARGET_NAME)";
				SWIFT_OBJC_BRIDGING_HEADER = "MyoPiano/MyoPiano-Bridging-Header.h";
				SWIFT_OPTIMIZATION_LEVEL = "-Onone";
				SWIFT_VERSION = 4.0;
				TARGETED_DEVICE_FAMILY = "1,2";
			};
			name = Debug;
		};
		5112BE2F20793EF80014566B /* Release */ = {
			isa = XCBuildConfiguration;
			baseConfigurationReference = FE0C905E6E8B119B5ECD4E45 /* Pods-MyoPiano.release.xcconfig */;
			buildSettings = {
				ASSETCATALOG_COMPILER_APPICON_NAME = AppIcon;
				CLANG_ENABLE_MODULES = YES;
				CODE_SIGN_STYLE = Automatic;
				DEVELOPMENT_TEAM = B9QTN8GJXZ;
				ENABLE_BITCODE = NO;
				FRAMEWORK_SEARCH_PATHS = (
					"$(inherited)",
					"$(PROJECT_DIR)",
					"$(PROJECT_DIR)/Pods/TensorFlow-experimental/Frameworks",
				);
				HEADER_SEARCH_PATHS = (
					"$(inherited)",
					"'${SRCROOT}/Pods/TensorFlow-experimental/Frameworks/tensorflow_experimental.framework/Headers'",
					"'${SRCROOT}/Pods/TensorFlow-experimental/Frameworks/tensorflow_experimental.framework/Headers/third_party/eigen3'",
					"~/tensorflow/tensorflow/contrib/makefile/downloads",
					"~/tensorflow",
					"~/tensorflow/tensorflow/contrib/makefile/downloads/eigen",
					"~/tensorflow/tensorflow/contrib/makefile/downloads/protobuf/src",
					"~/tensorflow/tensorflow/contrib/makefile/gen/proto",
				);
				INFOPLIST_FILE = MyoPiano/Info.plist;
				LD_RUNPATH_SEARCH_PATHS = (
					"$(inherited)",
					"@executable_path/Frameworks",
				);
				OTHER_LDFLAGS = (
					"$(inherited)",
					"-L",
					"${SRCROOT}/Pods/TensorFlow-experimental/Frameworks/tensorflow_experimental.framework",
					"-ObjC",
					"-l\"c++\"",
					"-l\"protobuf_experimental\"",
					"-framework",
					"\"Accelerate\"",
					"-framework",
					"\"tensorflow_experimental\"",
					"-force_load",
					"${SRCROOT}/Pods/TensorFlow-experimental/Frameworks/tensorflow_experimental.framework/tensorflow_experimental",
					"-lc++",
				);
				PRODUCT_BUNDLE_IDENTIFIER = PN.MyoPiano;
				PRODUCT_NAME = "$(TARGET_NAME)";
				SWIFT_OBJC_BRIDGING_HEADER = "MyoPiano/MyoPiano-Bridging-Header.h";
				SWIFT_VERSION = 4.0;
				TARGETED_DEVICE_FAMILY = "1,2";
			};
			name = Release;
		};
		5112BE3120793EF80014566B /* Debug */ = {
			isa = XCBuildConfiguration;
			baseConfigurationReference = 5D0A0F84D36D84A74F59CB1D /* Pods-MyoPianoTests.debug.xcconfig */;
			buildSettings = {
				ALWAYS_EMBED_SWIFT_STANDARD_LIBRARIES = YES;
				BUNDLE_LOADER = "$(TEST_HOST)";
				CODE_SIGN_STYLE = Automatic;
				DEVELOPMENT_TEAM = B9QTN8GJXZ;
				INFOPLIST_FILE = MyoPianoTests/Info.plist;
				LD_RUNPATH_SEARCH_PATHS = (
					"$(inherited)",
					"@executable_path/Frameworks",
					"@loader_path/Frameworks",
				);
				PRODUCT_BUNDLE_IDENTIFIER = PN.MyoPianoTests;
				PRODUCT_NAME = "$(TARGET_NAME)";
				SWIFT_VERSION = 4.0;
				TARGETED_DEVICE_FAMILY = "1,2";
				TEST_HOST = "$(BUILT_PRODUCTS_DIR)/MyoPiano.app/MyoPiano";
			};
			name = Debug;
		};
		5112BE3220793EF80014566B /* Release */ = {
			isa = XCBuildConfiguration;
			baseConfigurationReference = 4DFB0C8CB650BBC3B6B56E59 /* Pods-MyoPianoTests.release.xcconfig */;
			buildSettings = {
				ALWAYS_EMBED_SWIFT_STANDARD_LIBRARIES = YES;
				BUNDLE_LOADER = "$(TEST_HOST)";
				CODE_SIGN_STYLE = Automatic;
				DEVELOPMENT_TEAM = B9QTN8GJXZ;
				INFOPLIST_FILE = MyoPianoTests/Info.plist;
				LD_RUNPATH_SEARCH_PATHS = (
					"$(inherited)",
					"@executable_path/Frameworks",
					"@loader_path/Frameworks",
				);
				PRODUCT_BUNDLE_IDENTIFIER = PN.MyoPianoTests;
				PRODUCT_NAME = "$(TARGET_NAME)";
				SWIFT_VERSION = 4.0;
				TARGETED_DEVICE_FAMILY = "1,2";
				TEST_HOST = "$(BUILT_PRODUCTS_DIR)/MyoPiano.app/MyoPiano";
			};
			name = Release;
		};
		5112BE3420793EF80014566B /* Debug */ = {
			isa = XCBuildConfiguration;
			baseConfigurationReference = 05FBDC85605F8513A8FFA477 /* Pods-MyoPianoUITests.debug.xcconfig */;
			buildSettings = {
				ALWAYS_EMBED_SWIFT_STANDARD_LIBRARIES = YES;
				CODE_SIGN_STYLE = Automatic;
				DEVELOPMENT_TEAM = B9QTN8GJXZ;
				INFOPLIST_FILE = MyoPianoUITests/Info.plist;
				LD_RUNPATH_SEARCH_PATHS = (
					"$(inherited)",
					"@executable_path/Frameworks",
					"@loader_path/Frameworks",
				);
				PRODUCT_BUNDLE_IDENTIFIER = PN.MyoPianoUITests;
				PRODUCT_NAME = "$(TARGET_NAME)";
				SWIFT_VERSION = 4.0;
				TARGETED_DEVICE_FAMILY = "1,2";
				TEST_TARGET_NAME = MyoPiano;
			};
			name = Debug;
		};
		5112BE3520793EF80014566B /* Release */ = {
			isa = XCBuildConfiguration;
			baseConfigurationReference = 1DE6612475FE1CAA75D360FB /* Pods-MyoPianoUITests.release.xcconfig */;
			buildSettings = {
				ALWAYS_EMBED_SWIFT_STANDARD_LIBRARIES = YES;
				CODE_SIGN_STYLE = Automatic;
				DEVELOPMENT_TEAM = B9QTN8GJXZ;
				INFOPLIST_FILE = MyoPianoUITests/Info.plist;
				LD_RUNPATH_SEARCH_PATHS = (
					"$(inherited)",
					"@executable_path/Frameworks",
					"@loader_path/Frameworks",
				);
				PRODUCT_BUNDLE_IDENTIFIER = PN.MyoPianoUITests;
				PRODUCT_NAME = "$(TARGET_NAME)";
				SWIFT_VERSION = 4.0;
				TARGETED_DEVICE_FAMILY = "1,2";
				TEST_TARGET_NAME = MyoPiano;
			};
			name = Release;
		};
/* End XCBuildConfiguration section */

/* Begin XCConfigurationList section */
		5112BDFD20793EF60014566B /* Build configuration list for PBXProject "MyoPiano" */ = {
			isa = XCConfigurationList;
			buildConfigurations = (
				5112BE2B20793EF80014566B /* Debug */,
				5112BE2C20793EF80014566B /* Release */,
			);
			defaultConfigurationIsVisible = 0;
			defaultConfigurationName = Release;
		};
		5112BE2D20793EF80014566B /* Build configuration list for PBXNativeTarget "MyoPiano" */ = {
			isa = XCConfigurationList;
			buildConfigurations = (
				5112BE2E20793EF80014566B /* Debug */,
				5112BE2F20793EF80014566B /* Release */,
			);
			defaultConfigurationIsVisible = 0;
			defaultConfigurationName = Release;
		};
		5112BE3020793EF80014566B /* Build configuration list for PBXNativeTarget "MyoPianoTests" */ = {
			isa = XCConfigurationList;
			buildConfigurations = (
				5112BE3120793EF80014566B /* Debug */,
				5112BE3220793EF80014566B /* Release */,
			);
			defaultConfigurationIsVisible = 0;
			defaultConfigurationName = Release;
		};
		5112BE3320793EF80014566B /* Build configuration list for PBXNativeTarget "MyoPianoUITests" */ = {
			isa = XCConfigurationList;
			buildConfigurations = (
				5112BE3420793EF80014566B /* Debug */,
				5112BE3520793EF80014566B /* Release */,
			);
			defaultConfigurationIsVisible = 0;
			defaultConfigurationName = Release;
		};
/* End XCConfigurationList section */

/* Begin XCVersionGroup section */
		5112BE0C20793EF60014566B /* MyoPiano.xcdatamodeld */ = {
			isa = XCVersionGroup;
			children = (
				5112BE0D20793EF60014566B /* MyoPiano.xcdatamodel */,
			);
			currentVersion = 5112BE0D20793EF60014566B /* MyoPiano.xcdatamodel */;
			path = MyoPiano.xcdatamodeld;
			sourceTree = "<group>";
			versionGroupType = wrapper.xcdatamodel;
		};
/* End XCVersionGroup section */
	};
	rootObject = 5112BDFA20793EF60014566B /* Project object */;
}
